// !$*UTF8*$!
{
	archiveVersion = 1;
	classes = {
	};
	objectVersion = 56;
	objects = {

/* Begin PBXBuildFile section */
		3C2857742C64B10C00AA428F /* FirebaseAnalytics in Frameworks */ = {isa = PBXBuildFile; productRef = 3C2857732C64B10C00AA428F /* FirebaseAnalytics */; };
		3C2857762C64B10C00AA428F /* FirebaseAnalyticsOnDeviceConversion in Frameworks */ = {isa = PBXBuildFile; productRef = 3C2857752C64B10C00AA428F /* FirebaseAnalyticsOnDeviceConversion */; };
		3C28577A2C64B10C00AA428F /* FirebaseAnalyticsWithoutAdIdSupport in Frameworks */ = {isa = PBXBuildFile; productRef = 3C2857792C64B10C00AA428F /* FirebaseAnalyticsWithoutAdIdSupport */; };
		3C28577C2C64B10C00AA428F /* FirebaseAppCheck in Frameworks */ = {isa = PBXBuildFile; productRef = 3C28577B2C64B10C00AA428F /* FirebaseAppCheck */; };
		3C4CDC6F2C64B718005089DA /* Kingfisher in Frameworks */ = {isa = PBXBuildFile; productRef = 3C4CDC6E2C64B718005089DA /* Kingfisher */; };
		3C4CDC712C64B73E005089DA /* FirebaseMessaging in Frameworks */ = {isa = PBXBuildFile; productRef = 3C4CDC702C64B73E005089DA /* FirebaseMessaging */; };
		3C6C21BA2C4E53F800B5A637 /* DataService.swift in Sources */ = {isa = PBXBuildFile; fileRef = 3C6C21B92C4E53F800B5A637 /* DataService.swift */; };
		3C6C21BE2C50E28000B5A637 /* DataServiceA.swift in Sources */ = {isa = PBXBuildFile; fileRef = 3C6C21BD2C50E28000B5A637 /* DataServiceA.swift */; };
		3CA0BF252C6201250020A843 /* LoadingView.swift in Sources */ = {isa = PBXBuildFile; fileRef = 3CA0BF242C6201250020A843 /* LoadingView.swift */; };
		3CA227132C47BBA200DF09EB /* GoogleService-Info.plist in Resources */ = {isa = PBXBuildFile; fileRef = 3CA227122C47BBA200DF09EB /* GoogleService-Info.plist */; };
		3CDE2BCA2C611B0A00219792 /* AnimatedLoadingView.swift in Sources */ = {isa = PBXBuildFile; fileRef = 3CDE2BC92C611B0A00219792 /* AnimatedLoadingView.swift */; };
		3CFA9F282C3BE84B00B07E95 /* SPEAApp.swift in Sources */ = {isa = PBXBuildFile; fileRef = 3CFA9F272C3BE84B00B07E95 /* SPEAApp.swift */; };
		3CFA9F2A2C3BE84B00B07E95 /* ContentView.swift in Sources */ = {isa = PBXBuildFile; fileRef = 3CFA9F292C3BE84B00B07E95 /* ContentView.swift */; };
		3CFA9F2C2C3BE84D00B07E95 /* Assets.xcassets in Resources */ = {isa = PBXBuildFile; fileRef = 3CFA9F2B2C3BE84D00B07E95 /* Assets.xcassets */; };
		3CFA9F2F2C3BE84D00B07E95 /* Preview Assets.xcassets in Resources */ = {isa = PBXBuildFile; fileRef = 3CFA9F2E2C3BE84D00B07E95 /* Preview Assets.xcassets */; };
		3CFA9F362C3BE86E00B07E95 /* FeedView.swift in Sources */ = {isa = PBXBuildFile; fileRef = 3CFA9F352C3BE86E00B07E95 /* FeedView.swift */; };
		3CFA9F382C3BE87700B07E95 /* AnnouncementView.swift in Sources */ = {isa = PBXBuildFile; fileRef = 3CFA9F372C3BE87700B07E95 /* AnnouncementView.swift */; };
		3CFA9F3A2C3BE88600B07E95 /* EventsView.swift in Sources */ = {isa = PBXBuildFile; fileRef = 3CFA9F392C3BE88600B07E95 /* EventsView.swift */; };
		3CFA9F3C2C3BE88D00B07E95 /* MembershipView.swift in Sources */ = {isa = PBXBuildFile; fileRef = 3CFA9F3B2C3BE88D00B07E95 /* MembershipView.swift */; };
		DF6182AE2C64994A005A3E83 /* EventViewModel.swift in Sources */ = {isa = PBXBuildFile; fileRef = DF6182AD2C64994A005A3E83 /* EventViewModel.swift */; };
		DF6182B42C649D61005A3E83 /* AnnouncementViewModel.swift in Sources */ = {isa = PBXBuildFile; fileRef = DF6182B32C649D61005A3E83 /* AnnouncementViewModel.swift */; };
		DF6182B72C649EC9005A3E83 /* MembershipViewModel.swift in Sources */ = {isa = PBXBuildFile; fileRef = DF6182B62C649EC9005A3E83 /* MembershipViewModel.swift */; };
		DFFD5AB52C638F8200538CA6 /* MembershipService.swift in Sources */ = {isa = PBXBuildFile; fileRef = DFFD5AB42C638F8200538CA6 /* MembershipService.swift */; };
		DFFD5ABD2C63A5D200538CA6 /* SmallAnimatedLoadingView.swift in Sources */ = {isa = PBXBuildFile; fileRef = DFFD5ABC2C63A5D200538CA6 /* SmallAnimatedLoadingView.swift */; };
/* End PBXBuildFile section */

/* Begin PBXFileReference section */
		3C6C21B92C4E53F800B5A637 /* DataService.swift */ = {isa = PBXFileReference; lastKnownFileType = sourcecode.swift; path = DataService.swift; sourceTree = "<group>"; };
		3C6C21BD2C50E28000B5A637 /* DataServiceA.swift */ = {isa = PBXFileReference; lastKnownFileType = sourcecode.swift; path = DataServiceA.swift; sourceTree = "<group>"; };
		3CA0BF242C6201250020A843 /* LoadingView.swift */ = {isa = PBXFileReference; lastKnownFileType = sourcecode.swift; path = LoadingView.swift; sourceTree = "<group>"; };
		3CA227122C47BBA200DF09EB /* GoogleService-Info.plist */ = {isa = PBXFileReference; fileEncoding = 4; lastKnownFileType = text.plist.xml; name = "GoogleService-Info.plist"; path = "../../../../Downloads/GoogleService-Info.plist"; sourceTree = "<group>"; };
		3CDE2BC92C611B0A00219792 /* AnimatedLoadingView.swift */ = {isa = PBXFileReference; lastKnownFileType = sourcecode.swift; path = AnimatedLoadingView.swift; sourceTree = "<group>"; };
		3CFA9F242C3BE84B00B07E95 /* SPEA.app */ = {isa = PBXFileReference; explicitFileType = wrapper.application; includeInIndex = 0; path = SPEA.app; sourceTree = BUILT_PRODUCTS_DIR; };
		3CFA9F272C3BE84B00B07E95 /* SPEAApp.swift */ = {isa = PBXFileReference; lastKnownFileType = sourcecode.swift; path = SPEAApp.swift; sourceTree = "<group>"; };
		3CFA9F292C3BE84B00B07E95 /* ContentView.swift */ = {isa = PBXFileReference; lastKnownFileType = sourcecode.swift; path = ContentView.swift; sourceTree = "<group>"; };
		3CFA9F2B2C3BE84D00B07E95 /* Assets.xcassets */ = {isa = PBXFileReference; lastKnownFileType = folder.assetcatalog; path = Assets.xcassets; sourceTree = "<group>"; };
		3CFA9F2E2C3BE84D00B07E95 /* Preview Assets.xcassets */ = {isa = PBXFileReference; lastKnownFileType = folder.assetcatalog; path = "Preview Assets.xcassets"; sourceTree = "<group>"; };
		3CFA9F352C3BE86E00B07E95 /* FeedView.swift */ = {isa = PBXFileReference; lastKnownFileType = sourcecode.swift; path = FeedView.swift; sourceTree = "<group>"; };
		3CFA9F372C3BE87700B07E95 /* AnnouncementView.swift */ = {isa = PBXFileReference; lastKnownFileType = sourcecode.swift; path = AnnouncementView.swift; sourceTree = "<group>"; };
		3CFA9F392C3BE88600B07E95 /* EventsView.swift */ = {isa = PBXFileReference; lastKnownFileType = sourcecode.swift; path = EventsView.swift; sourceTree = "<group>"; };
		3CFA9F3B2C3BE88D00B07E95 /* MembershipView.swift */ = {isa = PBXFileReference; lastKnownFileType = sourcecode.swift; path = MembershipView.swift; sourceTree = "<group>"; };
		DF6182AD2C64994A005A3E83 /* EventViewModel.swift */ = {isa = PBXFileReference; lastKnownFileType = sourcecode.swift; path = EventViewModel.swift; sourceTree = "<group>"; };
		DF6182B32C649D61005A3E83 /* AnnouncementViewModel.swift */ = {isa = PBXFileReference; lastKnownFileType = sourcecode.swift; path = AnnouncementViewModel.swift; sourceTree = "<group>"; };
		DF6182B62C649EC9005A3E83 /* MembershipViewModel.swift */ = {isa = PBXFileReference; lastKnownFileType = sourcecode.swift; name = MembershipViewModel.swift; path = ../MembershipViewModel.swift; sourceTree = "<group>"; };
		DFFD5AB42C638F8200538CA6 /* MembershipService.swift */ = {isa = PBXFileReference; lastKnownFileType = sourcecode.swift; path = MembershipService.swift; sourceTree = "<group>"; };
		DFFD5ABC2C63A5D200538CA6 /* SmallAnimatedLoadingView.swift */ = {isa = PBXFileReference; lastKnownFileType = sourcecode.swift; path = SmallAnimatedLoadingView.swift; sourceTree = "<group>"; };
/* End PBXFileReference section */

/* Begin PBXFrameworksBuildPhase section */
		3CFA9F212C3BE84B00B07E95 /* Frameworks */ = {
			isa = PBXFrameworksBuildPhase;
			buildActionMask = 2147483647;
			files = (
				3C4CDC6F2C64B718005089DA /* Kingfisher in Frameworks */,
				3C4CDC712C64B73E005089DA /* FirebaseMessaging in Frameworks */,
				3C2857742C64B10C00AA428F /* FirebaseAnalytics in Frameworks */,
				3C2857762C64B10C00AA428F /* FirebaseAnalyticsOnDeviceConversion in Frameworks */,
				3C28577C2C64B10C00AA428F /* FirebaseAppCheck in Frameworks */,
				3C28577A2C64B10C00AA428F /* FirebaseAnalyticsWithoutAdIdSupport in Frameworks */,
			);
			runOnlyForDeploymentPostprocessing = 0;
		};
/* End PBXFrameworksBuildPhase section */

/* Begin PBXGroup section */
		3CA227542C47BDC300DF09EB /* Frameworks */ = {
			isa = PBXGroup;
			children = (
			);
			name = Frameworks;
			sourceTree = "<group>";
		};
		3CFA9F1B2C3BE84B00B07E95 = {
			isa = PBXGroup;
			children = (
				3CFA9F262C3BE84B00B07E95 /* SPEA */,
				3CFA9F252C3BE84B00B07E95 /* Products */,
				3CA227542C47BDC300DF09EB /* Frameworks */,
			);
			sourceTree = "<group>";
		};
		3CFA9F252C3BE84B00B07E95 /* Products */ = {
			isa = PBXGroup;
			children = (
				3CFA9F242C3BE84B00B07E95 /* SPEA.app */,
			);
			name = Products;
			sourceTree = "<group>";
		};
		3CFA9F262C3BE84B00B07E95 /* SPEA */ = {
			isa = PBXGroup;
			children = (
				3CA227122C47BBA200DF09EB /* GoogleService-Info.plist */,
				3CFA9F272C3BE84B00B07E95 /* SPEAApp.swift */,
				3CFA9F292C3BE84B00B07E95 /* ContentView.swift */,
				3CFA9F352C3BE86E00B07E95 /* FeedView.swift */,
				DF6182AC2C649917005A3E83 /* Announcements */,
				DF6182AB2C6498F7005A3E83 /* Events */,
				DF6182B52C649DEC005A3E83 /* LoadingViews */,
				DF6182AF2C649A75005A3E83 /* Memberships */,
				3CFA9F2B2C3BE84D00B07E95 /* Assets.xcassets */,
				3CFA9F2D2C3BE84D00B07E95 /* Preview Content */,
			);
			path = SPEA;
			sourceTree = "<group>";
		};
		3CFA9F2D2C3BE84D00B07E95 /* Preview Content */ = {
			isa = PBXGroup;
			children = (
				3CFA9F2E2C3BE84D00B07E95 /* Preview Assets.xcassets */,
			);
			path = "Preview Content";
			sourceTree = "<group>";
		};
		DF6182AB2C6498F7005A3E83 /* Events */ = {
			isa = PBXGroup;
			children = (
				3CFA9F392C3BE88600B07E95 /* EventsView.swift */,
				3C6C21B92C4E53F800B5A637 /* DataService.swift */,
				DF6182AD2C64994A005A3E83 /* EventViewModel.swift */,
			);
			name = Events;
			sourceTree = "<group>";
		};
		DF6182AC2C649917005A3E83 /* Announcements */ = {
			isa = PBXGroup;
			children = (
				3CFA9F372C3BE87700B07E95 /* AnnouncementView.swift */,
				3C6C21BD2C50E28000B5A637 /* DataServiceA.swift */,
				DF6182B32C649D61005A3E83 /* AnnouncementViewModel.swift */,
			);
			name = Announcements;
			sourceTree = "<group>";
		};
		DF6182AF2C649A75005A3E83 /* Memberships */ = {
			isa = PBXGroup;
			children = (
				3CFA9F3B2C3BE88D00B07E95 /* MembershipView.swift */,
				DFFD5AB42C638F8200538CA6 /* MembershipService.swift */,
				DF6182B62C649EC9005A3E83 /* MembershipViewModel.swift */,
			);
			name = Memberships;
			sourceTree = "<group>";
		};
		DF6182B52C649DEC005A3E83 /* LoadingViews */ = {
			isa = PBXGroup;
			children = (
				3CDE2BC92C611B0A00219792 /* AnimatedLoadingView.swift */,
				DFFD5ABC2C63A5D200538CA6 /* SmallAnimatedLoadingView.swift */,
				3CA0BF242C6201250020A843 /* LoadingView.swift */,
			);
			name = LoadingViews;
			sourceTree = "<group>";
		};
/* End PBXGroup section */

/* Begin PBXNativeTarget section */
		3CFA9F232C3BE84B00B07E95 /* SPEA */ = {
			isa = PBXNativeTarget;
			buildConfigurationList = 3CFA9F322C3BE84D00B07E95 /* Build configuration list for PBXNativeTarget "SPEA" */;
			buildPhases = (
				3CFA9F202C3BE84B00B07E95 /* Sources */,
				3CFA9F212C3BE84B00B07E95 /* Frameworks */,
				3CFA9F222C3BE84B00B07E95 /* Resources */,
			);
			buildRules = (
			);
			dependencies = (
			);
			name = SPEA;
			packageProductDependencies = (
				3C2857732C64B10C00AA428F /* FirebaseAnalytics */,
				3C2857752C64B10C00AA428F /* FirebaseAnalyticsOnDeviceConversion */,
				3C2857792C64B10C00AA428F /* FirebaseAnalyticsWithoutAdIdSupport */,
				3C28577B2C64B10C00AA428F /* FirebaseAppCheck */,
				3C4CDC6E2C64B718005089DA /* Kingfisher */,
				3C4CDC702C64B73E005089DA /* FirebaseMessaging */,
			);
			productName = SPEA;
			productReference = 3CFA9F242C3BE84B00B07E95 /* SPEA.app */;
			productType = "com.apple.product-type.application";
		};
/* End PBXNativeTarget section */

/* Begin PBXProject section */
		3CFA9F1C2C3BE84B00B07E95 /* Project object */ = {
			isa = PBXProject;
			attributes = {
				BuildIndependentTargetsInParallel = 1;
				LastSwiftUpdateCheck = 1500;
				LastUpgradeCheck = 1500;
				TargetAttributes = {
					3CFA9F232C3BE84B00B07E95 = {
						CreatedOnToolsVersion = 15.0.1;
					};
				};
			};
			buildConfigurationList = 3CFA9F1F2C3BE84B00B07E95 /* Build configuration list for PBXProject "SPEA" */;
			compatibilityVersion = "Xcode 14.0";
			developmentRegion = en;
			hasScannedForEncodings = 0;
			knownRegions = (
				en,
				Base,
			);
			mainGroup = 3CFA9F1B2C3BE84B00B07E95;
			packageReferences = (
				3C2857722C64B10C00AA428F /* XCRemoteSwiftPackageReference "firebase-ios-sdk" */,
				3C28577D2C64B14500AA428F /* XCRemoteSwiftPackageReference "Kingfisher" */,
			);
			productRefGroup = 3CFA9F252C3BE84B00B07E95 /* Products */;
			projectDirPath = "";
			projectRoot = "";
			targets = (
				3CFA9F232C3BE84B00B07E95 /* SPEA */,
			);
		};
/* End PBXProject section */

/* Begin PBXResourcesBuildPhase section */
		3CFA9F222C3BE84B00B07E95 /* Resources */ = {
			isa = PBXResourcesBuildPhase;
			buildActionMask = 2147483647;
			files = (
				3CFA9F2F2C3BE84D00B07E95 /* Preview Assets.xcassets in Resources */,
				3CFA9F2C2C3BE84D00B07E95 /* Assets.xcassets in Resources */,
				3CA227132C47BBA200DF09EB /* GoogleService-Info.plist in Resources */,
			);
			runOnlyForDeploymentPostprocessing = 0;
		};
/* End PBXResourcesBuildPhase section */

/* Begin PBXSourcesBuildPhase section */
		3CFA9F202C3BE84B00B07E95 /* Sources */ = {
			isa = PBXSourcesBuildPhase;
			buildActionMask = 2147483647;
			files = (
				3CFA9F3C2C3BE88D00B07E95 /* MembershipView.swift in Sources */,
				3C6C21BE2C50E28000B5A637 /* DataServiceA.swift in Sources */,
				3C6C21BA2C4E53F800B5A637 /* DataService.swift in Sources */,
				3CA0BF252C6201250020A843 /* LoadingView.swift in Sources */,
				3CFA9F2A2C3BE84B00B07E95 /* ContentView.swift in Sources */,
				3CFA9F3A2C3BE88600B07E95 /* EventsView.swift in Sources */,
				DF6182B72C649EC9005A3E83 /* MembershipViewModel.swift in Sources */,
				3CFA9F362C3BE86E00B07E95 /* FeedView.swift in Sources */,
				DF6182B42C649D61005A3E83 /* AnnouncementViewModel.swift in Sources */,
				3CDE2BCA2C611B0A00219792 /* AnimatedLoadingView.swift in Sources */,
				3CFA9F282C3BE84B00B07E95 /* SPEAApp.swift in Sources */,
				3CFA9F382C3BE87700B07E95 /* AnnouncementView.swift in Sources */,
				DF6182AE2C64994A005A3E83 /* EventViewModel.swift in Sources */,
				DFFD5ABD2C63A5D200538CA6 /* SmallAnimatedLoadingView.swift in Sources */,
				DFFD5AB52C638F8200538CA6 /* MembershipService.swift in Sources */,
			);
			runOnlyForDeploymentPostprocessing = 0;
		};
/* End PBXSourcesBuildPhase section */

/* Begin XCBuildConfiguration section */
		3CFA9F302C3BE84D00B07E95 /* Debug */ = {
			isa = XCBuildConfiguration;
			buildSettings = {
				ALWAYS_SEARCH_USER_PATHS = NO;
				ASSETCATALOG_COMPILER_GENERATE_SWIFT_ASSET_SYMBOL_EXTENSIONS = YES;
				CLANG_ANALYZER_NONNULL = YES;
				CLANG_ANALYZER_NUMBER_OBJECT_CONVERSION = YES_AGGRESSIVE;
				CLANG_CXX_LANGUAGE_STANDARD = "gnu++20";
				CLANG_ENABLE_MODULES = YES;
				CLANG_ENABLE_OBJC_ARC = YES;
				CLANG_ENABLE_OBJC_WEAK = YES;
				CLANG_WARN_BLOCK_CAPTURE_AUTORELEASING = YES;
				CLANG_WARN_BOOL_CONVERSION = YES;
				CLANG_WARN_COMMA = YES;
				CLANG_WARN_CONSTANT_CONVERSION = YES;
				CLANG_WARN_DEPRECATED_OBJC_IMPLEMENTATIONS = YES;
				CLANG_WARN_DIRECT_OBJC_ISA_USAGE = YES_ERROR;
				CLANG_WARN_DOCUMENTATION_COMMENTS = YES;
				CLANG_WARN_EMPTY_BODY = YES;
				CLANG_WARN_ENUM_CONVERSION = YES;
				CLANG_WARN_INFINITE_RECURSION = YES;
				CLANG_WARN_INT_CONVERSION = YES;
				CLANG_WARN_NON_LITERAL_NULL_CONVERSION = YES;
				CLANG_WARN_OBJC_IMPLICIT_RETAIN_SELF = YES;
				CLANG_WARN_OBJC_LITERAL_CONVERSION = YES;
				CLANG_WARN_OBJC_ROOT_CLASS = YES_ERROR;
				CLANG_WARN_QUOTED_INCLUDE_IN_FRAMEWORK_HEADER = YES;
				CLANG_WARN_RANGE_LOOP_ANALYSIS = YES;
				CLANG_WARN_STRICT_PROTOTYPES = YES;
				CLANG_WARN_SUSPICIOUS_MOVE = YES;
				CLANG_WARN_UNGUARDED_AVAILABILITY = YES_AGGRESSIVE;
				CLANG_WARN_UNREACHABLE_CODE = YES;
				CLANG_WARN__DUPLICATE_METHOD_MATCH = YES;
				COPY_PHASE_STRIP = NO;
				DEBUG_INFORMATION_FORMAT = dwarf;
				ENABLE_STRICT_OBJC_MSGSEND = YES;
				ENABLE_TESTABILITY = YES;
				ENABLE_USER_SCRIPT_SANDBOXING = YES;
				GCC_C_LANGUAGE_STANDARD = gnu17;
				GCC_DYNAMIC_NO_PIC = NO;
				GCC_NO_COMMON_BLOCKS = YES;
				GCC_OPTIMIZATION_LEVEL = 0;
				GCC_PREPROCESSOR_DEFINITIONS = (
					"DEBUG=1",
					"$(inherited)",
				);
				GCC_WARN_64_TO_32_BIT_CONVERSION = YES;
				GCC_WARN_ABOUT_RETURN_TYPE = YES_ERROR;
				GCC_WARN_UNDECLARED_SELECTOR = YES;
				GCC_WARN_UNINITIALIZED_AUTOS = YES_AGGRESSIVE;
				GCC_WARN_UNUSED_FUNCTION = YES;
				GCC_WARN_UNUSED_VARIABLE = YES;
				IPHONEOS_DEPLOYMENT_TARGET = 17.0;
				LOCALIZATION_PREFERS_STRING_CATALOGS = YES;
				MTL_ENABLE_DEBUG_INFO = INCLUDE_SOURCE;
				MTL_FAST_MATH = YES;
				ONLY_ACTIVE_ARCH = YES;
				SDKROOT = iphoneos;
				SWIFT_ACTIVE_COMPILATION_CONDITIONS = "DEBUG $(inherited)";
				SWIFT_OPTIMIZATION_LEVEL = "-Onone";
			};
			name = Debug;
		};
		3CFA9F312C3BE84D00B07E95 /* Release */ = {
			isa = XCBuildConfiguration;
			buildSettings = {
				ALWAYS_SEARCH_USER_PATHS = NO;
				ASSETCATALOG_COMPILER_GENERATE_SWIFT_ASSET_SYMBOL_EXTENSIONS = YES;
				CLANG_ANALYZER_NONNULL = YES;
				CLANG_ANALYZER_NUMBER_OBJECT_CONVERSION = YES_AGGRESSIVE;
				CLANG_CXX_LANGUAGE_STANDARD = "gnu++20";
				CLANG_ENABLE_MODULES = YES;
				CLANG_ENABLE_OBJC_ARC = YES;
				CLANG_ENABLE_OBJC_WEAK = YES;
				CLANG_WARN_BLOCK_CAPTURE_AUTORELEASING = YES;
				CLANG_WARN_BOOL_CONVERSION = YES;
				CLANG_WARN_COMMA = YES;
				CLANG_WARN_CONSTANT_CONVERSION = YES;
				CLANG_WARN_DEPRECATED_OBJC_IMPLEMENTATIONS = YES;
				CLANG_WARN_DIRECT_OBJC_ISA_USAGE = YES_ERROR;
				CLANG_WARN_DOCUMENTATION_COMMENTS = YES;
				CLANG_WARN_EMPTY_BODY = YES;
				CLANG_WARN_ENUM_CONVERSION = YES;
				CLANG_WARN_INFINITE_RECURSION = YES;
				CLANG_WARN_INT_CONVERSION = YES;
				CLANG_WARN_NON_LITERAL_NULL_CONVERSION = YES;
				CLANG_WARN_OBJC_IMPLICIT_RETAIN_SELF = YES;
				CLANG_WARN_OBJC_LITERAL_CONVERSION = YES;
				CLANG_WARN_OBJC_ROOT_CLASS = YES_ERROR;
				CLANG_WARN_QUOTED_INCLUDE_IN_FRAMEWORK_HEADER = YES;
				CLANG_WARN_RANGE_LOOP_ANALYSIS = YES;
				CLANG_WARN_STRICT_PROTOTYPES = YES;
				CLANG_WARN_SUSPICIOUS_MOVE = YES;
				CLANG_WARN_UNGUARDED_AVAILABILITY = YES_AGGRESSIVE;
				CLANG_WARN_UNREACHABLE_CODE = YES;
				CLANG_WARN__DUPLICATE_METHOD_MATCH = YES;
				COPY_PHASE_STRIP = NO;
				DEBUG_INFORMATION_FORMAT = "dwarf-with-dsym";
				ENABLE_NS_ASSERTIONS = NO;
				ENABLE_STRICT_OBJC_MSGSEND = YES;
				ENABLE_USER_SCRIPT_SANDBOXING = YES;
				GCC_C_LANGUAGE_STANDARD = gnu17;
				GCC_NO_COMMON_BLOCKS = YES;
				GCC_WARN_64_TO_32_BIT_CONVERSION = YES;
				GCC_WARN_ABOUT_RETURN_TYPE = YES_ERROR;
				GCC_WARN_UNDECLARED_SELECTOR = YES;
				GCC_WARN_UNINITIALIZED_AUTOS = YES_AGGRESSIVE;
				GCC_WARN_UNUSED_FUNCTION = YES;
				GCC_WARN_UNUSED_VARIABLE = YES;
				IPHONEOS_DEPLOYMENT_TARGET = 17.0;
				LOCALIZATION_PREFERS_STRING_CATALOGS = YES;
				MTL_ENABLE_DEBUG_INFO = NO;
				MTL_FAST_MATH = YES;
				SDKROOT = iphoneos;
				SWIFT_COMPILATION_MODE = wholemodule;
				VALIDATE_PRODUCT = YES;
			};
			name = Release;
		};
		3CFA9F332C3BE84D00B07E95 /* Debug */ = {
			isa = XCBuildConfiguration;
			buildSettings = {
				ASSETCATALOG_COMPILER_APPICON_NAME = AppIcon;
				ASSETCATALOG_COMPILER_GLOBAL_ACCENT_COLOR_NAME = AccentColor;
				CODE_SIGN_STYLE = Automatic;
				CURRENT_PROJECT_VERSION = 1;
				DEVELOPMENT_ASSET_PATHS = "\"SPEA/Preview Content\"";
				DEVELOPMENT_TEAM = VYN5JB9N88;
				ENABLE_PREVIEWS = YES;
				GENERATE_INFOPLIST_FILE = YES;
				INFOPLIST_KEY_UIApplicationSceneManifest_Generation = YES;
				INFOPLIST_KEY_UIApplicationSupportsIndirectInputEvents = YES;
				INFOPLIST_KEY_UILaunchScreen_Generation = YES;
				INFOPLIST_KEY_UISupportedInterfaceOrientations_iPad = "UIInterfaceOrientationPortrait UIInterfaceOrientationPortraitUpsideDown UIInterfaceOrientationLandscapeLeft UIInterfaceOrientationLandscapeRight";
				INFOPLIST_KEY_UISupportedInterfaceOrientations_iPhone = "UIInterfaceOrientationPortrait UIInterfaceOrientationLandscapeLeft UIInterfaceOrientationLandscapeRight";
				LD_RUNPATH_SEARCH_PATHS = (
					"$(inherited)",
					"@executable_path/Frameworks",
				);
				MARKETING_VERSION = 1.0;
				PRODUCT_BUNDLE_IDENTIFIER = SPEA.SPEA;
				PRODUCT_NAME = "$(TARGET_NAME)";
				SWIFT_EMIT_LOC_STRINGS = YES;
				SWIFT_VERSION = 5.0;
				TARGETED_DEVICE_FAMILY = "1,2";
			};
			name = Debug;
		};
		3CFA9F342C3BE84D00B07E95 /* Release */ = {
			isa = XCBuildConfiguration;
			buildSettings = {
				ASSETCATALOG_COMPILER_APPICON_NAME = AppIcon;
				ASSETCATALOG_COMPILER_GLOBAL_ACCENT_COLOR_NAME = AccentColor;
				CODE_SIGN_STYLE = Automatic;
				CURRENT_PROJECT_VERSION = 1;
				DEVELOPMENT_ASSET_PATHS = "\"SPEA/Preview Content\"";
				DEVELOPMENT_TEAM = VYN5JB9N88;
				ENABLE_PREVIEWS = YES;
				GENERATE_INFOPLIST_FILE = YES;
				INFOPLIST_KEY_UIApplicationSceneManifest_Generation = YES;
				INFOPLIST_KEY_UIApplicationSupportsIndirectInputEvents = YES;
				INFOPLIST_KEY_UILaunchScreen_Generation = YES;
				INFOPLIST_KEY_UISupportedInterfaceOrientations_iPad = "UIInterfaceOrientationPortrait UIInterfaceOrientationPortraitUpsideDown UIInterfaceOrientationLandscapeLeft UIInterfaceOrientationLandscapeRight";
				INFOPLIST_KEY_UISupportedInterfaceOrientations_iPhone = "UIInterfaceOrientationPortrait UIInterfaceOrientationLandscapeLeft UIInterfaceOrientationLandscapeRight";
				LD_RUNPATH_SEARCH_PATHS = (
					"$(inherited)",
					"@executable_path/Frameworks",
				);
				MARKETING_VERSION = 1.0;
				PRODUCT_BUNDLE_IDENTIFIER = SPEA.SPEA;
				PRODUCT_NAME = "$(TARGET_NAME)";
				SWIFT_EMIT_LOC_STRINGS = YES;
				SWIFT_VERSION = 5.0;
				TARGETED_DEVICE_FAMILY = "1,2";
			};
			name = Release;
		};
/* End XCBuildConfiguration section */

/* Begin XCConfigurationList section */
		3CFA9F1F2C3BE84B00B07E95 /* Build configuration list for PBXProject "SPEA" */ = {
			isa = XCConfigurationList;
			buildConfigurations = (
				3CFA9F302C3BE84D00B07E95 /* Debug */,
				3CFA9F312C3BE84D00B07E95 /* Release */,
			);
			defaultConfigurationIsVisible = 0;
			defaultConfigurationName = Release;
		};
		3CFA9F322C3BE84D00B07E95 /* Build configuration list for PBXNativeTarget "SPEA" */ = {
			isa = XCConfigurationList;
			buildConfigurations = (
				3CFA9F332C3BE84D00B07E95 /* Debug */,
				3CFA9F342C3BE84D00B07E95 /* Release */,
			);
			defaultConfigurationIsVisible = 0;
			defaultConfigurationName = Release;
		};
/* End XCConfigurationList section */

/* Begin XCRemoteSwiftPackageReference section */
		3C2857722C64B10C00AA428F /* XCRemoteSwiftPackageReference "firebase-ios-sdk" */ = {
			isa = XCRemoteSwiftPackageReference;
			repositoryURL = "https://github.com/firebase/firebase-ios-sdk";
			requirement = {
				kind = upToNextMajorVersion;
				minimumVersion = 11.0.0;
			};
		};
		3C28577D2C64B14500AA428F /* XCRemoteSwiftPackageReference "Kingfisher" */ = {
			isa = XCRemoteSwiftPackageReference;
			repositoryURL = "https://github.com/onevcat/Kingfisher";
			requirement = {
				kind = upToNextMajorVersion;
				minimumVersion = 7.12.0;
			};
		};
/* End XCRemoteSwiftPackageReference section */

/* Begin XCSwiftPackageProductDependency section */
		3C2857732C64B10C00AA428F /* FirebaseAnalytics */ = {
			isa = XCSwiftPackageProductDependency;
			package = 3C2857722C64B10C00AA428F /* XCRemoteSwiftPackageReference "firebase-ios-sdk" */;
			productName = FirebaseAnalytics;
		};
		3C2857752C64B10C00AA428F /* FirebaseAnalyticsOnDeviceConversion */ = {
			isa = XCSwiftPackageProductDependency;
			package = 3C2857722C64B10C00AA428F /* XCRemoteSwiftPackageReference "firebase-ios-sdk" */;
			productName = FirebaseAnalyticsOnDeviceConversion;
		};
		3C2857792C64B10C00AA428F /* FirebaseAnalyticsWithoutAdIdSupport */ = {
			isa = XCSwiftPackageProductDependency;
			package = 3C2857722C64B10C00AA428F /* XCRemoteSwiftPackageReference "firebase-ios-sdk" */;
			productName = FirebaseAnalyticsWithoutAdIdSupport;
		};
		3C28577B2C64B10C00AA428F /* FirebaseAppCheck */ = {
			isa = XCSwiftPackageProductDependency;
			package = 3C2857722C64B10C00AA428F /* XCRemoteSwiftPackageReference "firebase-ios-sdk" */;
			productName = FirebaseAppCheck;
		};
		3C4CDC6E2C64B718005089DA /* Kingfisher */ = {
			isa = XCSwiftPackageProductDependency;
			package = 3C28577D2C64B14500AA428F /* XCRemoteSwiftPackageReference "Kingfisher" */;
			productName = Kingfisher;
		};
		3C4CDC702C64B73E005089DA /* FirebaseMessaging */ = {
			isa = XCSwiftPackageProductDependency;
			package = 3C2857722C64B10C00AA428F /* XCRemoteSwiftPackageReference "firebase-ios-sdk" */;
			productName = FirebaseMessaging;
		};
/* End XCSwiftPackageProductDependency section */
	};
	rootObject = 3CFA9F1C2C3BE84B00B07E95 /* Project object */;
}
